
Microsoft Visual Studio Solution File, Format Version 12.00
# Visual Studio Version 17
VisualStudioVersion = 17.9.34902.65
MinimumVisualStudioVersion = 10.0.40219.1
Project("{9A19103F-16F7-4668-BE54-9A1E7A4F7556}") = "LunamyLibrary", "LunamyLibrary.csproj", "{87E493FB-1CAD-4AB9-8D83-9ACEB1C48245}"
EndProject
Global
	GlobalSection(SolutionConfigurationPlatforms) = preSolution
		Debug|Any CPU = Debug|Any CPU
		Release|Any CPU = Release|Any CPU
	EndGlobalSection
	GlobalSection(ProjectConfigurationPlatforms) = postSolution
		{87E493FB-1CAD-4AB9-8D83-9ACEB1C48245}.Debug|Any CPU.ActiveCfg = Debug|Any CPU
		{87E493FB-1CAD-4AB9-8D83-9ACEB1C48245}.Debug|Any CPU.Build.0 = Debug|Any CPU
		{87E493FB-1CAD-4AB9-8D83-9ACEB1C48245}.Release|Any CPU.ActiveCfg = Release|Any CPU
		{87E493FB-1CAD-4AB9-8D83-9ACEB1C48245}.Release|Any CPU.Build.0 = Release|Any CPU
	EndGlobalSection
	GlobalSection(SolutionProperties) = preSolution
		HideSolutionNode = FALSE
	EndGlobalSection
	GlobalSection(ExtensibilityGlobals) = postSolution
		SolutionGuid = {8C313D1C-6E76-4EB2-86DA-AD112F18AA72}
	EndGlobalSection
EndGlobal
